
Microsoft Visual Studio Solution File, Format Version 12.00
# Visual Studio Version 16
VisualStudioVersion = 16.0.32630.194
MinimumVisualStudioVersion = 10.0.40219.1
Project("{9A19103F-16F7-4668-BE54-9A1E7A4F7556}") = "AWSServerlessBlog", "AWSServerlessBlog\AWSServerlessBlog.csproj", "{4A557D6C-81CC-4D25-9DC5-41F6DDC1034F}"
EndProject
Project("{9A19103F-16F7-4668-BE54-9A1E7A4F7556}") = "AWSServerlessBlog.Tests", "AWSServerlessBlog.Tests\AWSServerlessBlog.Tests.csproj", "{08B415EE-C399-4C2E-9917-C959699A2DB0}"
EndProject
Global
	GlobalSection(SolutionConfigurationPlatforms) = preSolution
		Debug|Any CPU = Debug|Any CPU
		Release|Any CPU = Release|Any CPU
	EndGlobalSection
	GlobalSection(ProjectConfigurationPlatforms) = postSolution
		{4A557D6C-81CC-4D25-9DC5-41F6DDC1034F}.Debug|Any CPU.ActiveCfg = Debug|Any CPU
		{4A557D6C-81CC-4D25-9DC5-41F6DDC1034F}.Debug|Any CPU.Build.0 = Debug|Any CPU
		{4A557D6C-81CC-4D25-9DC5-41F6DDC1034F}.Release|Any CPU.ActiveCfg = Release|Any CPU
		{4A557D6C-81CC-4D25-9DC5-41F6DDC1034F}.Release|Any CPU.Build.0 = Release|Any CPU
		{08B415EE-C399-4C2E-9917-C959699A2DB0}.Debug|Any CPU.ActiveCfg = Debug|Any CPU
		{08B415EE-C399-4C2E-9917-C959699A2DB0}.Debug|Any CPU.Build.0 = Debug|Any CPU
		{08B415EE-C399-4C2E-9917-C959699A2DB0}.Release|Any CPU.ActiveCfg = Release|Any CPU
		{08B415EE-C399-4C2E-9917-C959699A2DB0}.Release|Any CPU.Build.0 = Release|Any CPU
	EndGlobalSection
	GlobalSection(SolutionProperties) = preSolution
		HideSolutionNode = FALSE
	EndGlobalSection
	GlobalSection(ExtensibilityGlobals) = postSolution
		SolutionGuid = {FDF2B2CA-4D63-4BB1-8E7A-DD56CBF697DF}
	EndGlobalSection
EndGlobal
